// !$*UTF8*$!
{
	archiveVersion = 1;
	classes = {
	};
	objectVersion = 46;
	objects = {

/* Begin PBXBuildFile section */
		77CB830D1990D4B900567FF4 /* AppDelegate.swift in Sources */ = {isa = PBXBuildFile; fileRef = 77CB830C1990D4B900567FF4 /* AppDelegate.swift */; };
		77CB830F1990D4B900567FF4 /* ViewController.swift in Sources */ = {isa = PBXBuildFile; fileRef = 77CB830E1990D4B900567FF4 /* ViewController.swift */; };
		77CB83121990D4BA00567FF4 /* Main.storyboard in Resources */ = {isa = PBXBuildFile; fileRef = 77CB83101990D4BA00567FF4 /* Main.storyboard */; };
		77CB83141990D4BA00567FF4 /* Images.xcassets in Resources */ = {isa = PBXBuildFile; fileRef = 77CB83131990D4BA00567FF4 /* Images.xcassets */; };
		77CB83201990D4BA00567FF4 /* greenhouse_swiftTests.swift in Sources */ = {isa = PBXBuildFile; fileRef = 77CB831F1990D4BA00567FF4 /* greenhouse_swiftTests.swift */; };
/* End PBXBuildFile section */

/* Begin PBXContainerItemProxy section */
		77CB831A1990D4BA00567FF4 /* PBXContainerItemProxy */ = {
			isa = PBXContainerItemProxy;
			containerPortal = 77CB82FF1990D4B900567FF4 /* Project object */;
			proxyType = 1;
			remoteGlobalIDString = 77CB83061990D4B900567FF4;
			remoteInfo = "greenhouse-swift";
		};
/* End PBXContainerItemProxy section */

/* Begin PBXFileReference section */
		77CB83071990D4B900567FF4 /* greenhouse-swift.app */ = {isa = PBXFileReference; explicitFileType = wrapper.application; includeInIndex = 0; path = "greenhouse-swift.app"; sourceTree = BUILT_PRODUCTS_DIR; };
		77CB830B1990D4B900567FF4 /* Info.plist */ = {isa = PBXFileReference; lastKnownFileType = text.plist.xml; path = Info.plist; sourceTree = "<group>"; };
		77CB830C1990D4B900567FF4 /* AppDelegate.swift */ = {isa = PBXFileReference; lastKnownFileType = sourcecode.swift; path = AppDelegate.swift; sourceTree = "<group>"; };
		77CB830E1990D4B900567FF4 /* ViewController.swift */ = {isa = PBXFileReference; lastKnownFileType = sourcecode.swift; path = ViewController.swift; sourceTree = "<group>"; };
		77CB83111990D4BA00567FF4 /* Base */ = {isa = PBXFileReference; lastKnownFileType = file.storyboard; name = Base; path = Base.lproj/Main.storyboard; sourceTree = "<group>"; };
		77CB83131990D4BA00567FF4 /* Images.xcassets */ = {isa = PBXFileReference; lastKnownFileType = folder.assetcatalog; path = Images.xcassets; sourceTree = "<group>"; };
		77CB83191990D4BA00567FF4 /* greenhouse-swiftTests.xctest */ = {isa = PBXFileReference; explicitFileType = wrapper.cfbundle; includeInIndex = 0; path = "greenhouse-swiftTests.xctest"; sourceTree = BUILT_PRODUCTS_DIR; };
		77CB831E1990D4BA00567FF4 /* Info.plist */ = {isa = PBXFileReference; lastKnownFileType = text.plist.xml; path = Info.plist; sourceTree = "<group>"; };
		77CB831F1990D4BA00567FF4 /* greenhouse_swiftTests.swift */ = {isa = PBXFileReference; lastKnownFileType = sourcecode.swift; path = greenhouse_swiftTests.swift; sourceTree = "<group>"; };
/* End PBXFileReference section */

/* Begin PBXFrameworksBuildPhase section */
		77CB83041990D4B900567FF4 /* Frameworks */ = {
			isa = PBXFrameworksBuildPhase;
			buildActionMask = 2147483647;
			files = (
			);
			runOnlyForDeploymentPostprocessing = 0;
		};
		77CB83161990D4BA00567FF4 /* Frameworks */ = {
			isa = PBXFrameworksBuildPhase;
			buildActionMask = 2147483647;
			files = (
			);
			runOnlyForDeploymentPostprocessing = 0;
		};
/* End PBXFrameworksBuildPhase section */

/* Begin PBXGroup section */
		77CB82FE1990D4B900567FF4 = {
			isa = PBXGroup;
			children = (
				77CB83091990D4B900567FF4 /* greenhouse-swift */,
				77CB831C1990D4BA00567FF4 /* greenhouse-swiftTests */,
				77CB83081990D4B900567FF4 /* Products */,
			);
			sourceTree = "<group>";
		};
		77CB83081990D4B900567FF4 /* Products */ = {
			isa = PBXGroup;
			children = (
				77CB83071990D4B900567FF4 /* greenhouse-swift.app */,
				77CB83191990D4BA00567FF4 /* greenhouse-swiftTests.xctest */,
			);
			name = Products;
			sourceTree = "<group>";
		};
		77CB83091990D4B900567FF4 /* greenhouse-swift */ = {
			isa = PBXGroup;
			children = (
				77CB830C1990D4B900567FF4 /* AppDelegate.swift */,
				77CB830E1990D4B900567FF4 /* ViewController.swift */,
				77CB83101990D4BA00567FF4 /* Main.storyboard */,
				77CB83131990D4BA00567FF4 /* Images.xcassets */,
				77CB830A1990D4B900567FF4 /* Supporting Files */,
			);
			path = "greenhouse-swift";
			sourceTree = "<group>";
		};
		77CB830A1990D4B900567FF4 /* Supporting Files */ = {
			isa = PBXGroup;
			children = (
				77CB830B1990D4B900567FF4 /* Info.plist */,
			);
			name = "Supporting Files";
			sourceTree = "<group>";
		};
		77CB831C1990D4BA00567FF4 /* greenhouse-swiftTests */ = {
			isa = PBXGroup;
			children = (
				77CB831F1990D4BA00567FF4 /* greenhouse_swiftTests.swift */,
				77CB831D1990D4BA00567FF4 /* Supporting Files */,
			);
			path = "greenhouse-swiftTests";
			sourceTree = "<group>";
		};
		77CB831D1990D4BA00567FF4 /* Supporting Files */ = {
			isa = PBXGroup;
			children = (
				77CB831E1990D4BA00567FF4 /* Info.plist */,
			);
			name = "Supporting Files";
			sourceTree = "<group>";
		};
/* End PBXGroup section */

/* Begin PBXNativeTarget section */
		77CB83061990D4B900567FF4 /* greenhouse-swift */ = {
			isa = PBXNativeTarget;
			buildConfigurationList = 77CB83231990D4BA00567FF4 /* Build configuration list for PBXNativeTarget "greenhouse-swift" */;
			buildPhases = (
				77CB83031990D4B900567FF4 /* Sources */,
				77CB83041990D4B900567FF4 /* Frameworks */,
				77CB83051990D4B900567FF4 /* Resources */,
			);
			buildRules = (
			);
			dependencies = (
			);
			name = "greenhouse-swift";
			productName = "greenhouse-swift";
			productReference = 77CB83071990D4B900567FF4 /* greenhouse-swift.app */;
			productType = "com.apple.product-type.application";
		};
		77CB83181990D4BA00567FF4 /* greenhouse-swiftTests */ = {
			isa = PBXNativeTarget;
			buildConfigurationList = 77CB83261990D4BA00567FF4 /* Build configuration list for PBXNativeTarget "greenhouse-swiftTests" */;
			buildPhases = (
				77CB83151990D4BA00567FF4 /* Sources */,
				77CB83161990D4BA00567FF4 /* Frameworks */,
				77CB83171990D4BA00567FF4 /* Resources */,
			);
			buildRules = (
			);
			dependencies = (
				77CB831B1990D4BA00567FF4 /* PBXTargetDependency */,
			);
			name = "greenhouse-swiftTests";
			productName = "greenhouse-swiftTests";
			productReference = 77CB83191990D4BA00567FF4 /* greenhouse-swiftTests.xctest */;
			productType = "com.apple.product-type.bundle.unit-test";
		};
/* End PBXNativeTarget section */

/* Begin PBXProject section */
		77CB82FF1990D4B900567FF4 /* Project object */ = {
			isa = PBXProject;
			attributes = {
				LastUpgradeCheck = 0600;
				ORGANIZATIONNAME = greenhouse;
				TargetAttributes = {
					77CB83061990D4B900567FF4 = {
						CreatedOnToolsVersion = 6.0;
					};
					77CB83181990D4BA00567FF4 = {
						CreatedOnToolsVersion = 6.0;
						TestTargetID = 77CB83061990D4B900567FF4;
					};
				};
			};
			buildConfigurationList = 77CB83021990D4B900567FF4 /* Build configuration list for PBXProject "greenhouse-swift" */;
			compatibilityVersion = "Xcode 3.2";
			developmentRegion = English;
			hasScannedForEncodings = 0;
			knownRegions = (
				en,
				Base,
			);
			mainGroup = 77CB82FE1990D4B900567FF4;
			productRefGroup = 77CB83081990D4B900567FF4 /* Products */;
			projectDirPath = "";
			projectRoot = "";
			targets = (
				77CB83061990D4B900567FF4 /* greenhouse-swift */,
				77CB83181990D4BA00567FF4 /* greenhouse-swiftTests */,
			);
		};
/* End PBXProject section */

/* Begin PBXResourcesBuildPhase section */
		77CB83051990D4B900567FF4 /* Resources */ = {
			isa = PBXResourcesBuildPhase;
			buildActionMask = 2147483647;
			files = (
				77CB83121990D4BA00567FF4 /* Main.storyboard in Resources */,
				77CB83141990D4BA00567FF4 /* Images.xcassets in Resources */,
			);
			runOnlyForDeploymentPostprocessing = 0;
		};
		77CB83171990D4BA00567FF4 /* Resources */ = {
			isa = PBXResourcesBuildPhase;
			buildActionMask = 2147483647;
			files = (
			);
			runOnlyForDeploymentPostprocessing = 0;
		};
/* End PBXResourcesBuildPhase section */

/* Begin PBXSourcesBuildPhase section */
		77CB83031990D4B900567FF4 /* Sources */ = {
			isa = PBXSourcesBuildPhase;
			buildActionMask = 2147483647;
			files = (
				77CB830F1990D4B900567FF4 /* ViewController.swift in Sources */,
				77CB830D1990D4B900567FF4 /* AppDelegate.swift in Sources */,
			);
			runOnlyForDeploymentPostprocessing = 0;
		};
		77CB83151990D4BA00567FF4 /* Sources */ = {
			isa = PBXSourcesBuildPhase;
			buildActionMask = 2147483647;
			files = (
				77CB83201990D4BA00567FF4 /* greenhouse_swiftTests.swift in Sources */,
			);
			runOnlyForDeploymentPostprocessing = 0;
		};
/* End PBXSourcesBuildPhase section */

/* Begin PBXTargetDependency section */
		77CB831B1990D4BA00567FF4 /* PBXTargetDependency */ = {
			isa = PBXTargetDependency;
			target = 77CB83061990D4B900567FF4 /* greenhouse-swift */;
			targetProxy = 77CB831A1990D4BA00567FF4 /* PBXContainerItemProxy */;
		};
/* End PBXTargetDependency section */

/* Begin PBXVariantGroup section */
		77CB83101990D4BA00567FF4 /* Main.storyboard */ = {
			isa = PBXVariantGroup;
			children = (
				77CB83111990D4BA00567FF4 /* Base */,
			);
			name = Main.storyboard;
			sourceTree = "<group>";
		};
/* End PBXVariantGroup section */

/* Begin XCBuildConfiguration section */
		77CB83211990D4BA00567FF4 /* Debug */ = {
			isa = XCBuildConfiguration;
			buildSettings = {
				ALWAYS_SEARCH_USER_PATHS = NO;
				CLANG_CXX_LANGUAGE_STANDARD = "gnu++0x";
				CLANG_CXX_LIBRARY = "libc++";
				CLANG_ENABLE_MODULES = YES;
				CLANG_ENABLE_OBJC_ARC = YES;
				CLANG_WARN_BOOL_CONVERSION = YES;
				CLANG_WARN_CONSTANT_CONVERSION = YES;
				CLANG_WARN_DIRECT_OBJC_ISA_USAGE = YES_ERROR;
				CLANG_WARN_EMPTY_BODY = YES;
				CLANG_WARN_ENUM_CONVERSION = YES;
				CLANG_WARN_INT_CONVERSION = YES;
				CLANG_WARN_OBJC_ROOT_CLASS = YES_ERROR;
				CLANG_WARN_UNREACHABLE_CODE = YES;
				CLANG_WARN__DUPLICATE_METHOD_MATCH = YES;
				"CODE_SIGN_IDENTITY[sdk=iphoneos*]" = "iPhone Developer";
				COPY_PHASE_STRIP = NO;
				ENABLE_STRICT_OBJC_MSGSEND = YES;
				GCC_C_LANGUAGE_STANDARD = gnu99;
				GCC_DYNAMIC_NO_PIC = NO;
				GCC_OPTIMIZATION_LEVEL = 0;
				GCC_PREPROCESSOR_DEFINITIONS = (
					"DEBUG=1",
					"$(inherited)",
				);
				GCC_SYMBOLS_PRIVATE_EXTERN = NO;
				GCC_WARN_64_TO_32_BIT_CONVERSION = YES;
				GCC_WARN_ABOUT_RETURN_TYPE = YES_ERROR;
				GCC_WARN_UNDECLARED_SELECTOR = YES;
				GCC_WARN_UNINITIALIZED_AUTOS = YES_AGGRESSIVE;
				GCC_WARN_UNUSED_FUNCTION = YES;
				GCC_WARN_UNUSED_VARIABLE = YES;
				IPHONEOS_DEPLOYMENT_TARGET = 8.0;
				MTL_ENABLE_DEBUG_INFO = YES;
				ONLY_ACTIVE_ARCH = YES;
				SDKROOT = iphoneos;
				SWIFT_OPTIMIZATION_LEVEL = "-Onone";
				TARGETED_DEVICE_FAMILY = "1,2";
			};
			name = Debug;
		};
		77CB83221990D4BA00567FF4 /* Release */ = {
			isa = XCBuildConfiguration;
			buildSettings = {
				ALWAYS_SEARCH_USER_PATHS = NO;
				CLANG_CXX_LANGUAGE_STANDARD = "gnu++0x";
				CLANG_CXX_LIBRARY = "libc++";
				CLANG_ENABLE_MODULES = YES;
				CLANG_ENABLE_OBJC_ARC = YES;
				CLANG_WARN_BOOL_CONVERSION = YES;
				CLANG_WARN_CONSTANT_CONVERSION = YES;
				CLANG_WARN_DIRECT_OBJC_ISA_USAGE = YES_ERROR;
				CLANG_WARN_EMPTY_BODY = YES;
				CLANG_WARN_ENUM_CONVERSION = YES;
				CLANG_WARN_INT_CONVERSION = YES;
				CLANG_WARN_OBJC_ROOT_CLASS = YES_ERROR;
				CLANG_WARN_UNREACHABLE_CODE = YES;
				CLANG_WARN__DUPLICATE_METHOD_MATCH = YES;
				"CODE_SIGN_IDENTITY[sdk=iphoneos*]" = "iPhone Developer";
				COPY_PHASE_STRIP = YES;
				ENABLE_NS_ASSERTIONS = NO;
				ENABLE_STRICT_OBJC_MSGSEND = YES;
				GCC_C_LANGUAGE_STANDARD = gnu99;
				GCC_WARN_64_TO_32_BIT_CONVERSION = YES;
				GCC_WARN_ABOUT_RETURN_TYPE = YES_ERROR;
				GCC_WARN_UNDECLARED_SELECTOR = YES;
				GCC_WARN_UNINITIALIZED_AUTOS = YES_AGGRESSIVE;
				GCC_WARN_UNUSED_FUNCTION = YES;
				GCC_WARN_UNUSED_VARIABLE = YES;
				IPHONEOS_DEPLOYMENT_TARGET = 8.0;
				MTL_ENABLE_DEBUG_INFO = NO;
				SDKROOT = iphoneos;
				TARGETED_DEVICE_FAMILY = "1,2";
				VALIDATE_PRODUCT = YES;
			};
			name = Release;
		};
		77CB83241990D4BA00567FF4 /* Debug */ = {
			isa = XCBuildConfiguration;
			buildSettings = {
				ASSETCATALOG_COMPILER_APPICON_NAME = AppIcon;
				ASSETCATALOG_COMPILER_LAUNCHIMAGE_NAME = LaunchImage;
				INFOPLIST_FILE = "greenhouse-swift/Info.plist";
				LD_RUNPATH_SEARCH_PATHS = "$(inherited) @executable_path/Frameworks";
				PRODUCT_NAME = "$(TARGET_NAME)";
			};
			name = Debug;
		};
		77CB83251990D4BA00567FF4 /* Release */ = {
			isa = XCBuildConfiguration;
			buildSettings = {
				ASSETCATALOG_COMPILER_APPICON_NAME = AppIcon;
				ASSETCATALOG_COMPILER_LAUNCHIMAGE_NAME = LaunchImage;
				INFOPLIST_FILE = "greenhouse-swift/Info.plist";
				LD_RUNPATH_SEARCH_PATHS = "$(inherited) @executable_path/Frameworks";
				PRODUCT_NAME = "$(TARGET_NAME)";
			};
			name = Release;
		};
		77CB83271990D4BA00567FF4 /* Debug */ = {
			isa = XCBuildConfiguration;
			buildSettings = {
				BUNDLE_LOADER = "$(BUILT_PRODUCTS_DIR)/greenhouse-swift.app/greenhouse-swift";
				FRAMEWORK_SEARCH_PATHS = (
					"$(SDKROOT)/Developer/Library/Frameworks",
					"$(inherited)",
				);
				GCC_PREPROCESSOR_DEFINITIONS = (
					"DEBUG=1",
					"$(inherited)",
				);
				INFOPLIST_FILE = "greenhouse-swiftTests/Info.plist";
				LD_RUNPATH_SEARCH_PATHS = "$(inherited) @executable_path/Frameworks @loader_path/Frameworks";
				PRODUCT_NAME = "$(TARGET_NAME)";
				TEST_HOST = "$(BUNDLE_LOADER)";
			};
			name = Debug;
		};
		77CB83281990D4BA00567FF4 /* Release */ = {
			isa = XCBuildConfiguration;
			buildSettings = {
				BUNDLE_LOADER = "$(BUILT_PRODUCTS_DIR)/greenhouse-swift.app/greenhouse-swift";
				FRAMEWORK_SEARCH_PATHS = (
					"$(SDKROOT)/Developer/Library/Frameworks",
					"$(inherited)",
				);
				INFOPLIST_FILE = "greenhouse-swiftTests/Info.plist";
				LD_RUNPATH_SEARCH_PATHS = "$(inherited) @executable_path/Frameworks @loader_path/Frameworks";
				PRODUCT_NAME = "$(TARGET_NAME)";
				TEST_HOST = "$(BUNDLE_LOADER)";
			};
			name = Release;
		};
/* End XCBuildConfiguration section */

/* Begin XCConfigurationList section */
		77CB83021990D4B900567FF4 /* Build configuration list for PBXProject "greenhouse-swift" */ = {
			isa = XCConfigurationList;
			buildConfigurations = (
				77CB83211990D4BA00567FF4 /* Debug */,
				77CB83221990D4BA00567FF4 /* Release */,
			);
			defaultConfigurationIsVisible = 0;
			defaultConfigurationName = Release;
		};
		77CB83231990D4BA00567FF4 /* Build configuration list for PBXNativeTarget "greenhouse-swift" */ = {
			isa = XCConfigurationList;
			buildConfigurations = (
				77CB83241990D4BA00567FF4 /* Debug */,
				77CB83251990D4BA00567FF4 /* Release */,
			);
			defaultConfigurationIsVisible = 0;
		};
		77CB83261990D4BA00567FF4 /* Build configuration list for PBXNativeTarget "greenhouse-swiftTests" */ = {
			isa = XCConfigurationList;
			buildConfigurations = (
				77CB83271990D4BA00567FF4 /* Debug */,
				77CB83281990D4BA00567FF4 /* Release */,
			);
			defaultConfigurationIsVisible = 0;
		};
/* End XCConfigurationList section */
	};
	rootObject = 77CB82FF1990D4B900567FF4 /* Project object */;
}
